
Microsoft Visual Studio Solution File, Format Version 12.00
# Visual Studio Version 17
VisualStudioVersion = 17.13.35913.81 d17.13
MinimumVisualStudioVersion = 10.0.40219.1
Project("{FAE04EC0-301F-11D3-BF4B-00C04F79EFBC}") = "FlightManagementCompany", "FlightManagementCompany.csproj", "{67EFFC4C-D73C-427F-9E33-7AA4C0453079}"
EndProject
Global
	GlobalSection(SolutionConfigurationPlatforms) = preSolution
		Debug|Any CPU = Debug|Any CPU
		Release|Any CPU = Release|Any CPU
	EndGlobalSection
	GlobalSection(ProjectConfigurationPlatforms) = postSolution
		{67EFFC4C-D73C-427F-9E33-7AA4C0453079}.Debug|Any CPU.ActiveCfg = Debug|Any CPU
		{67EFFC4C-D73C-427F-9E33-7AA4C0453079}.Debug|Any CPU.Build.0 = Debug|Any CPU
		{67EFFC4C-D73C-427F-9E33-7AA4C0453079}.Release|Any CPU.ActiveCfg = Release|Any CPU
		{67EFFC4C-D73C-427F-9E33-7AA4C0453079}.Release|Any CPU.Build.0 = Release|Any CPU
	EndGlobalSection
	GlobalSection(SolutionProperties) = preSolution
		HideSolutionNode = FALSE
	EndGlobalSection
	GlobalSection(ExtensibilityGlobals) = postSolution
		SolutionGuid = {188B3C5E-BAEC-4B20-8EA0-71C961788EBB}
	EndGlobalSection
EndGlobal
